
Microsoft Visual Studio Solution File, Format Version 12.00
# Visual Studio 15
VisualStudioVersion = 15.0.28307.757
MinimumVisualStudioVersion = 10.0.40219.1
Project("{FAE04EC0-301F-11D3-BF4B-00C04F79EFBC}") = "WindowsFormsApp1", "WindowsFormsApp1\WindowsFormsApp1.csproj", "{A587312E-530C-4763-B85B-679CACB5EEC3}"
EndProject
Global
	GlobalSection(SolutionConfigurationPlatforms) = preSolution
		Debug|Any CPU = Debug|Any CPU
		Release|Any CPU = Release|Any CPU
	EndGlobalSection
	GlobalSection(ProjectConfigurationPlatforms) = postSolution
		{A587312E-530C-4763-B85B-679CACB5EEC3}.Debug|Any CPU.ActiveCfg = Debug|Any CPU
		{A587312E-530C-4763-B85B-679CACB5EEC3}.Debug|Any CPU.Build.0 = Debug|Any CPU
		{A587312E-530C-4763-B85B-679CACB5EEC3}.Release|Any CPU.ActiveCfg = Release|Any CPU
		{A587312E-530C-4763-B85B-679CACB5EEC3}.Release|Any CPU.Build.0 = Release|Any CPU
	EndGlobalSection
	GlobalSection(SolutionProperties) = preSolution
		HideSolutionNode = FALSE
	EndGlobalSection
	GlobalSection(ExtensibilityGlobals) = postSolution
		SolutionGuid = {BA30EA86-8776-4130-B89C-B83C256A7A3A}
	EndGlobalSection
EndGlobal
